// !$*UTF8*$!
{
	archiveVersion = 1;
	classes = {
	};
	objectVersion = 46;
	objects = {

/* Begin PBXBuildFile section */
		4CD7C40BE9A061347B05CE64 /* libPods.a in Frameworks */ = {isa = PBXBuildFile; fileRef = A33169A2F3BB022393DA2B71 /* libPods.a */; };
		BD1E96241B19FE3F00AAD778 /* RootViewController.m in Sources */ = {isa = PBXBuildFile; fileRef = BD1E96231B19FE3F00AAD778 /* RootViewController.m */; };
		BD1E96271B1A04B700AAD778 /* DynamicDetailVC.m in Sources */ = {isa = PBXBuildFile; fileRef = BD1E96261B1A04B700AAD778 /* DynamicDetailVC.m */; };
		BD254C241B5504F7006032E1 /* RootCell.m in Sources */ = {isa = PBXBuildFile; fileRef = BD254C231B5504F7006032E1 /* RootCell.m */; };
		BD254C271B55052F006032E1 /* DynamicCell.m in Sources */ = {isa = PBXBuildFile; fileRef = BD254C261B55052F006032E1 /* DynamicCell.m */; };
		BD254C291B550B45006032E1 /* data.json in Resources */ = {isa = PBXBuildFile; fileRef = BD254C281B550B45006032E1 /* data.json */; };
		BD38B1AD1B19FB1600FE8BBD /* RootTabBarController.m in Sources */ = {isa = PBXBuildFile; fileRef = BD38B1AC1B19FB1600FE8BBD /* RootTabBarController.m */; };
		BD52D5121B66166A001C499B /* News.m in Sources */ = {isa = PBXBuildFile; fileRef = BD52D5111B66166A001C499B /* News.m */; };
		BD6CB61F1B6219DF00C428E8 /* TZWindow.m in Sources */ = {isa = PBXBuildFile; fileRef = BD6CB61E1B6219DF00C428E8 /* TZWindow.m */; };
		BD7D67BF1B59F46100654AEC /* TZDisplayView.m in Sources */ = {isa = PBXBuildFile; fileRef = BD7D67BE1B59F46100654AEC /* TZDisplayView.m */; };
		BDBB719B1B19EE6F00B88225 /* DynamicVC.m in Sources */ = {isa = PBXBuildFile; fileRef = BDBB719A1B19EE6F00B88225 /* DynamicVC.m */; };
		BDBB71A01B19EEAE00B88225 /* RootNavigationViewController.m in Sources */ = {isa = PBXBuildFile; fileRef = BDBB719F1B19EEAE00B88225 /* RootNavigationViewController.m */; };
		BDBB71A31B19EF0300B88225 /* ChatVC.m in Sources */ = {isa = PBXBuildFile; fileRef = BDBB71A21B19EF0300B88225 /* ChatVC.m */; };
		BDBB71A61B19EF3100B88225 /* RecruitVC.m in Sources */ = {isa = PBXBuildFile; fileRef = BDBB71A51B19EF3100B88225 /* RecruitVC.m */; };
		BDBB71A91B19EF5900B88225 /* SquarVC.m in Sources */ = {isa = PBXBuildFile; fileRef = BDBB71A81B19EF5900B88225 /* SquarVC.m */; };
		BDBB71AC1B19EF7D00B88225 /* MyVC.m in Sources */ = {isa = PBXBuildFile; fileRef = BDBB71AB1B19EF7D00B88225 /* MyVC.m */; };
		BDBB71B01B19F0C400B88225 /* MTUtil.m in Sources */ = {isa = PBXBuildFile; fileRef = BDBB71AF1B19F0C400B88225 /* MTUtil.m */; };
		BDD1FAFC1B174B9B002B9C12 /* main.m in Sources */ = {isa = PBXBuildFile; fileRef = BDD1FAFB1B174B9B002B9C12 /* main.m */; };
		BDD1FAFF1B174B9B002B9C12 /* AppDelegate.m in Sources */ = {isa = PBXBuildFile; fileRef = BDD1FAFE1B174B9B002B9C12 /* AppDelegate.m */; };
		BDD1FB021B174B9B002B9C12 /* ViewController.m in Sources */ = {isa = PBXBuildFile; fileRef = BDD1FB011B174B9B002B9C12 /* ViewController.m */; };
		BDD1FB071B174B9B002B9C12 /* Images.xcassets in Resources */ = {isa = PBXBuildFile; fileRef = BDD1FB061B174B9B002B9C12 /* Images.xcassets */; };
		BDD1FB161B174B9B002B9C12 /* MasonryTestTests.m in Sources */ = {isa = PBXBuildFile; fileRef = BDD1FB151B174B9B002B9C12 /* MasonryTestTests.m */; };
		BDD1FB411B174F03002B9C12 /* UIKit.framework in Frameworks */ = {isa = PBXBuildFile; fileRef = BDD1FB401B174F03002B9C12 /* UIKit.framework */; };
		BDD1FB431B174F09002B9C12 /* QuartzCore.framework in Frameworks */ = {isa = PBXBuildFile; fileRef = BDD1FB421B174F09002B9C12 /* QuartzCore.framework */; };
		BDD1FB451B174F10002B9C12 /* Foundation.framework in Frameworks */ = {isa = PBXBuildFile; fileRef = BDD1FB441B174F10002B9C12 /* Foundation.framework */; };
		BDD1FB471B174F17002B9C12 /* CoreGraphics.framework in Frameworks */ = {isa = PBXBuildFile; fileRef = BDD1FB461B174F17002B9C12 /* CoreGraphics.framework */; };
		BDD4C6761B66206A00887B38 /* CoreDataManager1.m in Sources */ = {isa = PBXBuildFile; fileRef = BDD4C6751B66206A00887B38 /* CoreDataManager1.m */; };
		BDD4C67A1B66230500887B38 /* NewsModel.xcdatamodeld in Sources */ = {isa = PBXBuildFile; fileRef = BDD4C6781B66230500887B38 /* NewsModel.xcdatamodeld */; };
		BDD4C6AC1B6A21CE00887B38 /* test.html in Resources */ = {isa = PBXBuildFile; fileRef = BDD4C6AB1B6A21CE00887B38 /* test.html */; };
		BDE4D7551B465E83005C8A25 /* ComplexCell.m in Sources */ = {isa = PBXBuildFile; fileRef = BDE4D7541B465E83005C8A25 /* ComplexCell.m */; };
/* End PBXBuildFile section */

/* Begin PBXContainerItemProxy section */
		BDD1FB101B174B9B002B9C12 /* PBXContainerItemProxy */ = {
			isa = PBXContainerItemProxy;
			containerPortal = BDD1FAEE1B174B9B002B9C12 /* Project object */;
			proxyType = 1;
			remoteGlobalIDString = BDD1FAF51B174B9B002B9C12;
			remoteInfo = MasonryTest;
		};
/* End PBXContainerItemProxy section */

/* Begin PBXFileReference section */
		33A8F132CFE3E92A7D23B98E /* Pods.debug.xcconfig */ = {isa = PBXFileReference; includeInIndex = 1; lastKnownFileType = text.xcconfig; name = Pods.debug.xcconfig; path = "Pods/Target Support Files/Pods/Pods.debug.xcconfig"; sourceTree = "<group>"; };
		432FF061F83D211D1CBAD076 /* Pods.release.xcconfig */ = {isa = PBXFileReference; includeInIndex = 1; lastKnownFileType = text.xcconfig; name = Pods.release.xcconfig; path = "Pods/Target Support Files/Pods/Pods.release.xcconfig"; sourceTree = "<group>"; };
		A33169A2F3BB022393DA2B71 /* libPods.a */ = {isa = PBXFileReference; explicitFileType = archive.ar; includeInIndex = 0; path = libPods.a; sourceTree = BUILT_PRODUCTS_DIR; };
		BD1E96221B19FE3F00AAD778 /* RootViewController.h */ = {isa = PBXFileReference; fileEncoding = 4; lastKnownFileType = sourcecode.c.h; name = RootViewController.h; path = RootViewController/RootViewController.h; sourceTree = "<group>"; };
		BD1E96231B19FE3F00AAD778 /* RootViewController.m */ = {isa = PBXFileReference; fileEncoding = 4; lastKnownFileType = sourcecode.c.objc; name = RootViewController.m; path = RootViewController/RootViewController.m; sourceTree = "<group>"; };
		BD1E96251B1A04B700AAD778 /* DynamicDetailVC.h */ = {isa = PBXFileReference; fileEncoding = 4; lastKnownFileType = sourcecode.c.h; name = DynamicDetailVC.h; path = Dynamic/DynamicDetailVC.h; sourceTree = "<group>"; };
		BD1E96261B1A04B700AAD778 /* DynamicDetailVC.m */ = {isa = PBXFileReference; fileEncoding = 4; lastKnownFileType = sourcecode.c.objc; name = DynamicDetailVC.m; path = Dynamic/DynamicDetailVC.m; sourceTree = "<group>"; };
		BD254C221B5504F7006032E1 /* RootCell.h */ = {isa = PBXFileReference; fileEncoding = 4; lastKnownFileType = sourcecode.c.h; name = RootCell.h; path = MasonryTest/Dynamic/RootCell.h; sourceTree = "<group>"; };
		BD254C231B5504F7006032E1 /* RootCell.m */ = {isa = PBXFileReference; fileEncoding = 4; lastKnownFileType = sourcecode.c.objc; name = RootCell.m; path = MasonryTest/Dynamic/RootCell.m; sourceTree = "<group>"; };
		BD254C251B55052F006032E1 /* DynamicCell.h */ = {isa = PBXFileReference; fileEncoding = 4; lastKnownFileType = sourcecode.c.h; name = DynamicCell.h; path = Dynamic/DynamicCell.h; sourceTree = "<group>"; };
		BD254C261B55052F006032E1 /* DynamicCell.m */ = {isa = PBXFileReference; fileEncoding = 4; lastKnownFileType = sourcecode.c.objc; name = DynamicCell.m; path = Dynamic/DynamicCell.m; sourceTree = "<group>"; };
		BD254C281B550B45006032E1 /* data.json */ = {isa = PBXFileReference; fileEncoding = 4; lastKnownFileType = text.json; path = data.json; sourceTree = "<group>"; };
		BD38B1AB1B19FB1600FE8BBD /* RootTabBarController.h */ = {isa = PBXFileReference; fileEncoding = 4; lastKnownFileType = sourcecode.c.h; name = RootTabBarController.h; path = RootViewController/RootTabBarController.h; sourceTree = "<group>"; };
		BD38B1AC1B19FB1600FE8BBD /* RootTabBarController.m */ = {isa = PBXFileReference; fileEncoding = 4; lastKnownFileType = sourcecode.c.objc; name = RootTabBarController.m; path = RootViewController/RootTabBarController.m; sourceTree = "<group>"; };
		BD52D5101B66166A001C499B /* News.h */ = {isa = PBXFileReference; fileEncoding = 4; lastKnownFileType = sourcecode.c.h; name = News.h; path = SquarVC/Model/News.h; sourceTree = "<group>"; };
		BD52D5111B66166A001C499B /* News.m */ = {isa = PBXFileReference; fileEncoding = 4; lastKnownFileType = sourcecode.c.objc; name = News.m; path = SquarVC/Model/News.m; sourceTree = "<group>"; };
		BD6CB61D1B6219DF00C428E8 /* TZWindow.h */ = {isa = PBXFileReference; fileEncoding = 4; lastKnownFileType = sourcecode.c.h; name = TZWindow.h; path = ChatVC/CustomWindow/TZWindow.h; sourceTree = "<group>"; };
		BD6CB61E1B6219DF00C428E8 /* TZWindow.m */ = {isa = PBXFileReference; fileEncoding = 4; lastKnownFileType = sourcecode.c.objc; name = TZWindow.m; path = ChatVC/CustomWindow/TZWindow.m; sourceTree = "<group>"; };
		BD7D67BD1B59F46100654AEC /* TZDisplayView.h */ = {isa = PBXFileReference; fileEncoding = 4; lastKnownFileType = sourcecode.c.h; name = TZDisplayView.h; path = MyVC/View/TZDisplayView.h; sourceTree = "<group>"; };
		BD7D67BE1B59F46100654AEC /* TZDisplayView.m */ = {isa = PBXFileReference; fileEncoding = 4; lastKnownFileType = sourcecode.c.objc; name = TZDisplayView.m; path = MyVC/View/TZDisplayView.m; sourceTree = "<group>"; };
		BDBB71991B19EE6F00B88225 /* DynamicVC.h */ = {isa = PBXFileReference; fileEncoding = 4; lastKnownFileType = sourcecode.c.h; name = DynamicVC.h; path = Dynamic/DynamicVC.h; sourceTree = "<group>"; };
		BDBB719A1B19EE6F00B88225 /* DynamicVC.m */ = {isa = PBXFileReference; fileEncoding = 4; lastKnownFileType = sourcecode.c.objc; name = DynamicVC.m; path = Dynamic/DynamicVC.m; sourceTree = "<group>"; };
		BDBB719E1B19EEAE00B88225 /* RootNavigationViewController.h */ = {isa = PBXFileReference; fileEncoding = 4; lastKnownFileType = sourcecode.c.h; name = RootNavigationViewController.h; path = RootViewController/RootNavigationViewController.h; sourceTree = "<group>"; };
		BDBB719F1B19EEAE00B88225 /* RootNavigationViewController.m */ = {isa = PBXFileReference; fileEncoding = 4; lastKnownFileType = sourcecode.c.objc; name = RootNavigationViewController.m; path = RootViewController/RootNavigationViewController.m; sourceTree = "<group>"; };
		BDBB71A11B19EF0300B88225 /* ChatVC.h */ = {isa = PBXFileReference; fileEncoding = 4; lastKnownFileType = sourcecode.c.h; name = ChatVC.h; path = ChatVC/ChatVC.h; sourceTree = "<group>"; };
		BDBB71A21B19EF0300B88225 /* ChatVC.m */ = {isa = PBXFileReference; fileEncoding = 4; lastKnownFileType = sourcecode.c.objc; name = ChatVC.m; path = ChatVC/ChatVC.m; sourceTree = "<group>"; };
		BDBB71A41B19EF3100B88225 /* RecruitVC.h */ = {isa = PBXFileReference; fileEncoding = 4; lastKnownFileType = sourcecode.c.h; name = RecruitVC.h; path = RecruitVC/RecruitVC.h; sourceTree = "<group>"; };
		BDBB71A51B19EF3100B88225 /* RecruitVC.m */ = {isa = PBXFileReference; fileEncoding = 4; lastKnownFileType = sourcecode.c.objc; name = RecruitVC.m; path = RecruitVC/RecruitVC.m; sourceTree = "<group>"; };
		BDBB71A71B19EF5900B88225 /* SquarVC.h */ = {isa = PBXFileReference; fileEncoding = 4; lastKnownFileType = sourcecode.c.h; name = SquarVC.h; path = SquarVC/SquarVC.h; sourceTree = "<group>"; };
		BDBB71A81B19EF5900B88225 /* SquarVC.m */ = {isa = PBXFileReference; fileEncoding = 4; lastKnownFileType = sourcecode.c.objc; name = SquarVC.m; path = SquarVC/SquarVC.m; sourceTree = "<group>"; };
		BDBB71AA1B19EF7D00B88225 /* MyVC.h */ = {isa = PBXFileReference; fileEncoding = 4; lastKnownFileType = sourcecode.c.h; name = MyVC.h; path = MyVC/MyVC.h; sourceTree = "<group>"; };
		BDBB71AB1B19EF7D00B88225 /* MyVC.m */ = {isa = PBXFileReference; fileEncoding = 4; lastKnownFileType = sourcecode.c.objc; name = MyVC.m; path = MyVC/MyVC.m; sourceTree = "<group>"; };
		BDBB71AE1B19F0C400B88225 /* MTUtil.h */ = {isa = PBXFileReference; fileEncoding = 4; lastKnownFileType = sourcecode.c.h; name = MTUtil.h; path = MTUtil/MTUtil.h; sourceTree = "<group>"; };
		BDBB71AF1B19F0C400B88225 /* MTUtil.m */ = {isa = PBXFileReference; fileEncoding = 4; lastKnownFileType = sourcecode.c.objc; name = MTUtil.m; path = MTUtil/MTUtil.m; sourceTree = "<group>"; };
		BDBB71B11B19F19A00B88225 /* CommonHeader.h */ = {isa = PBXFileReference; fileEncoding = 4; lastKnownFileType = sourcecode.c.h; name = CommonHeader.h; path = MTUtil/CommonHeader.h; sourceTree = "<group>"; };
		BDBB71B21B19F1D800B88225 /* PrefixHeader.pch */ = {isa = PBXFileReference; fileEncoding = 4; lastKnownFileType = sourcecode.c.h; path = PrefixHeader.pch; sourceTree = "<group>"; };
		BDD1FAF61B174B9B002B9C12 /* MasonryTest.app */ = {isa = PBXFileReference; explicitFileType = wrapper.application; includeInIndex = 0; path = MasonryTest.app; sourceTree = BUILT_PRODUCTS_DIR; };
		BDD1FAFA1B174B9B002B9C12 /* Info.plist */ = {isa = PBXFileReference; lastKnownFileType = text.plist.xml; path = Info.plist; sourceTree = "<group>"; };
		BDD1FAFB1B174B9B002B9C12 /* main.m */ = {isa = PBXFileReference; lastKnownFileType = sourcecode.c.objc; path = main.m; sourceTree = "<group>"; };
		BDD1FAFD1B174B9B002B9C12 /* AppDelegate.h */ = {isa = PBXFileReference; lastKnownFileType = sourcecode.c.h; path = AppDelegate.h; sourceTree = "<group>"; };
		BDD1FAFE1B174B9B002B9C12 /* AppDelegate.m */ = {isa = PBXFileReference; lastKnownFileType = sourcecode.c.objc; path = AppDelegate.m; sourceTree = "<group>"; };
		BDD1FB001B174B9B002B9C12 /* ViewController.h */ = {isa = PBXFileReference; lastKnownFileType = sourcecode.c.h; path = ViewController.h; sourceTree = "<group>"; };
		BDD1FB011B174B9B002B9C12 /* ViewController.m */ = {isa = PBXFileReference; lastKnownFileType = sourcecode.c.objc; path = ViewController.m; sourceTree = "<group>"; };
		BDD1FB061B174B9B002B9C12 /* Images.xcassets */ = {isa = PBXFileReference; lastKnownFileType = folder.assetcatalog; path = Images.xcassets; sourceTree = "<group>"; };
		BDD1FB0F1B174B9B002B9C12 /* MasonryTestTests.xctest */ = {isa = PBXFileReference; explicitFileType = wrapper.cfbundle; includeInIndex = 0; path = MasonryTestTests.xctest; sourceTree = BUILT_PRODUCTS_DIR; };
		BDD1FB141B174B9B002B9C12 /* Info.plist */ = {isa = PBXFileReference; lastKnownFileType = text.plist.xml; path = Info.plist; sourceTree = "<group>"; };
		BDD1FB151B174B9B002B9C12 /* MasonryTestTests.m */ = {isa = PBXFileReference; lastKnownFileType = sourcecode.c.objc; path = MasonryTestTests.m; sourceTree = "<group>"; };
		BDD1FB401B174F03002B9C12 /* UIKit.framework */ = {isa = PBXFileReference; lastKnownFileType = wrapper.framework; name = UIKit.framework; path = System/Library/Frameworks/UIKit.framework; sourceTree = SDKROOT; };
		BDD1FB421B174F09002B9C12 /* QuartzCore.framework */ = {isa = PBXFileReference; lastKnownFileType = wrapper.framework; name = QuartzCore.framework; path = System/Library/Frameworks/QuartzCore.framework; sourceTree = SDKROOT; };
		BDD1FB441B174F10002B9C12 /* Foundation.framework */ = {isa = PBXFileReference; lastKnownFileType = wrapper.framework; name = Foundation.framework; path = System/Library/Frameworks/Foundation.framework; sourceTree = SDKROOT; };
		BDD1FB461B174F17002B9C12 /* CoreGraphics.framework */ = {isa = PBXFileReference; lastKnownFileType = wrapper.framework; name = CoreGraphics.framework; path = System/Library/Frameworks/CoreGraphics.framework; sourceTree = SDKROOT; };
		BDD4C6741B66206A00887B38 /* CoreDataManager1.h */ = {isa = PBXFileReference; fileEncoding = 4; lastKnownFileType = sourcecode.c.h; name = CoreDataManager1.h; path = SquarVC/CoreDataManager/CoreDataManager1.h; sourceTree = "<group>"; };
		BDD4C6751B66206A00887B38 /* CoreDataManager1.m */ = {isa = PBXFileReference; fileEncoding = 4; lastKnownFileType = sourcecode.c.objc; name = CoreDataManager1.m; path = SquarVC/CoreDataManager/CoreDataManager1.m; sourceTree = "<group>"; };
		BDD4C6791B66230500887B38 /* NewsModel.xcdatamodel */ = {isa = PBXFileReference; lastKnownFileType = wrapper.xcdatamodel; path = NewsModel.xcdatamodel; sourceTree = "<group>"; };
		BDD4C67B1B66235300887B38 /* NewsModel1.xcdatamodel */ = {isa = PBXFileReference; lastKnownFileType = wrapper.xcdatamodel; path = NewsModel1.xcdatamodel; sourceTree = "<group>"; };
		BDD4C6AB1B6A21CE00887B38 /* test.html */ = {isa = PBXFileReference; fileEncoding = 4; lastKnownFileType = text.html; path = test.html; sourceTree = "<group>"; };
		BDE4D7531B465E83005C8A25 /* ComplexCell.h */ = {isa = PBXFileReference; fileEncoding = 4; lastKnownFileType = sourcecode.c.h; name = ComplexCell.h; path = RecruitVC/ComplexCell.h; sourceTree = "<group>"; };
		BDE4D7541B465E83005C8A25 /* ComplexCell.m */ = {isa = PBXFileReference; fileEncoding = 4; lastKnownFileType = sourcecode.c.objc; name = ComplexCell.m; path = RecruitVC/ComplexCell.m; sourceTree = "<group>"; };
/* End PBXFileReference section */

/* Begin PBXFrameworksBuildPhase section */
		BDD1FAF31B174B9B002B9C12 /* Frameworks */ = {
			isa = PBXFrameworksBuildPhase;
			buildActionMask = 2147483647;
			files = (
				BDD1FB471B174F17002B9C12 /* CoreGraphics.framework in Frameworks */,
				BDD1FB451B174F10002B9C12 /* Foundation.framework in Frameworks */,
				BDD1FB431B174F09002B9C12 /* QuartzCore.framework in Frameworks */,
				BDD1FB411B174F03002B9C12 /* UIKit.framework in Frameworks */,
				4CD7C40BE9A061347B05CE64 /* libPods.a in Frameworks */,
			);
			runOnlyForDeploymentPostprocessing = 0;
		};
		BDD1FB0C1B174B9B002B9C12 /* Frameworks */ = {
			isa = PBXFrameworksBuildPhase;
			buildActionMask = 2147483647;
			files = (
			);
			runOnlyForDeploymentPostprocessing = 0;
		};
/* End PBXFrameworksBuildPhase section */

/* Begin PBXGroup section */
		9E493A3A97B6094E9D3C1694 /* Pods */ = {
			isa = PBXGroup;
			children = (
				33A8F132CFE3E92A7D23B98E /* Pods.debug.xcconfig */,
				432FF061F83D211D1CBAD076 /* Pods.release.xcconfig */,
			);
			name = Pods;
			sourceTree = "<group>";
		};
		BD52D50B1B661580001C499B /* CoreDataManager */ = {
			isa = PBXGroup;
			children = (
				BDD4C6741B66206A00887B38 /* CoreDataManager1.h */,
				BDD4C6751B66206A00887B38 /* CoreDataManager1.m */,
				BDD4C6781B66230500887B38 /* NewsModel.xcdatamodeld */,
			);
			name = CoreDataManager;
			sourceTree = "<group>";
		};
		BD52D50F1B66165C001C499B /* Model */ = {
			isa = PBXGroup;
			children = (
				BD52D5101B66166A001C499B /* News.h */,
				BD52D5111B66166A001C499B /* News.m */,
			);
			name = Model;
			sourceTree = "<group>";
		};
		BD6CB61C1B6219B100C428E8 /* CustomWindow */ = {
			isa = PBXGroup;
			children = (
				BD6CB61D1B6219DF00C428E8 /* TZWindow.h */,
				BD6CB61E1B6219DF00C428E8 /* TZWindow.m */,
			);
			name = CustomWindow;
			sourceTree = "<group>";
		};
		BD7D67BB1B59F3A900654AEC /* Cell */ = {
			isa = PBXGroup;
			children = (
				BD254C281B550B45006032E1 /* data.json */,
				BD254C251B55052F006032E1 /* DynamicCell.h */,
				BD254C261B55052F006032E1 /* DynamicCell.m */,
			);
			name = Cell;
			sourceTree = "<group>";
		};
		BD7D67BC1B59F44400654AEC /* View */ = {
			isa = PBXGroup;
			children = (
				BD7D67BD1B59F46100654AEC /* TZDisplayView.h */,
				BD7D67BE1B59F46100654AEC /* TZDisplayView.m */,
			);
			name = View;
			sourceTree = "<group>";
		};
		BDBB71931B19EDD200B88225 /* My */ = {
			isa = PBXGroup;
			children = (
				BD7D67BC1B59F44400654AEC /* View */,
				BDBB71AA1B19EF7D00B88225 /* MyVC.h */,
				BDBB71AB1B19EF7D00B88225 /* MyVC.m */,
			);
			name = My;
			sourceTree = "<group>";
		};
		BDBB71941B19EDEF00B88225 /* Squar */ = {
			isa = PBXGroup;
			children = (
				BDD4C6AB1B6A21CE00887B38 /* test.html */,
				BD52D50F1B66165C001C499B /* Model */,
				BD52D50B1B661580001C499B /* CoreDataManager */,
				BDBB71A71B19EF5900B88225 /* SquarVC.h */,
				BDBB71A81B19EF5900B88225 /* SquarVC.m */,
			);
			name = Squar;
			sourceTree = "<group>";
		};
		BDBB71951B19EE1300B88225 /* Recruit */ = {
			isa = PBXGroup;
			children = (
				BDE4D7521B465E5F005C8A25 /* Cell */,
				BDBB71A41B19EF3100B88225 /* RecruitVC.h */,
				BDBB71A51B19EF3100B88225 /* RecruitVC.m */,
			);
			name = Recruit;
			sourceTree = "<group>";
		};
		BDBB71961B19EE2D00B88225 /* Chat */ = {
			isa = PBXGroup;
			children = (
				BD6CB61C1B6219B100C428E8 /* CustomWindow */,
				BDBB71A11B19EF0300B88225 /* ChatVC.h */,
				BDBB71A21B19EF0300B88225 /* ChatVC.m */,
			);
			name = Chat;
			sourceTree = "<group>";
		};
		BDBB71971B19EE3400B88225 /* Dynamic */ = {
			isa = PBXGroup;
			children = (
				BD7D67BB1B59F3A900654AEC /* Cell */,
				BDBB71991B19EE6F00B88225 /* DynamicVC.h */,
				BDBB719A1B19EE6F00B88225 /* DynamicVC.m */,
				BD1E96251B1A04B700AAD778 /* DynamicDetailVC.h */,
				BD1E96261B1A04B700AAD778 /* DynamicDetailVC.m */,
			);
			name = Dynamic;
			sourceTree = "<group>";
		};
		BDBB719C1B19EE8900B88225 /* RootViewController */ = {
			isa = PBXGroup;
			children = (
				BD254C221B5504F7006032E1 /* RootCell.h */,
				BD254C231B5504F7006032E1 /* RootCell.m */,
				BDBB719E1B19EEAE00B88225 /* RootNavigationViewController.h */,
				BDBB719F1B19EEAE00B88225 /* RootNavigationViewController.m */,
				BD38B1AB1B19FB1600FE8BBD /* RootTabBarController.h */,
				BD38B1AC1B19FB1600FE8BBD /* RootTabBarController.m */,
				BD1E96221B19FE3F00AAD778 /* RootViewController.h */,
				BD1E96231B19FE3F00AAD778 /* RootViewController.m */,
			);
			name = RootViewController;
			sourceTree = "<group>";
		};
		BDBB71AD1B19F09A00B88225 /* Util */ = {
			isa = PBXGroup;
			children = (
				BDBB71AE1B19F0C400B88225 /* MTUtil.h */,
				BDBB71AF1B19F0C400B88225 /* MTUtil.m */,
				BDBB71B11B19F19A00B88225 /* CommonHeader.h */,
			);
			name = Util;
			sourceTree = "<group>";
		};
		BDD1FAED1B174B9B002B9C12 = {
			isa = PBXGroup;
			children = (
				BDBB71AD1B19F09A00B88225 /* Util */,
				BDBB719C1B19EE8900B88225 /* RootViewController */,
				BDD1FB461B174F17002B9C12 /* CoreGraphics.framework */,
				BDD1FB441B174F10002B9C12 /* Foundation.framework */,
				BDD1FB421B174F09002B9C12 /* QuartzCore.framework */,
				BDD1FB401B174F03002B9C12 /* UIKit.framework */,
				BDD1FAF81B174B9B002B9C12 /* MasonryTest */,
				BDD1FB121B174B9B002B9C12 /* MasonryTestTests */,
				BDD1FAF71B174B9B002B9C12 /* Products */,
				9E493A3A97B6094E9D3C1694 /* Pods */,
				ED4931B28A8D4A78238085F2 /* Frameworks */,
			);
			sourceTree = "<group>";
		};
		BDD1FAF71B174B9B002B9C12 /* Products */ = {
			isa = PBXGroup;
			children = (
				BDD1FAF61B174B9B002B9C12 /* MasonryTest.app */,
				BDD1FB0F1B174B9B002B9C12 /* MasonryTestTests.xctest */,
			);
			name = Products;
			sourceTree = "<group>";
		};
		BDD1FAF81B174B9B002B9C12 /* MasonryTest */ = {
			isa = PBXGroup;
			children = (
				BDBB71971B19EE3400B88225 /* Dynamic */,
				BDBB71961B19EE2D00B88225 /* Chat */,
				BDBB71951B19EE1300B88225 /* Recruit */,
				BDBB71941B19EDEF00B88225 /* Squar */,
				BDBB71931B19EDD200B88225 /* My */,
				BDD1FAFD1B174B9B002B9C12 /* AppDelegate.h */,
				BDD1FAFE1B174B9B002B9C12 /* AppDelegate.m */,
				BDD1FB001B174B9B002B9C12 /* ViewController.h */,
				BDD1FB011B174B9B002B9C12 /* ViewController.m */,
				BDD1FB061B174B9B002B9C12 /* Images.xcassets */,
				BDD1FAF91B174B9B002B9C12 /* Supporting Files */,
			);
			path = MasonryTest;
			sourceTree = "<group>";
		};
		BDD1FAF91B174B9B002B9C12 /* Supporting Files */ = {
			isa = PBXGroup;
			children = (
				BDD1FAFA1B174B9B002B9C12 /* Info.plist */,
				BDD1FAFB1B174B9B002B9C12 /* main.m */,
				BDBB71B21B19F1D800B88225 /* PrefixHeader.pch */,
			);
			name = "Supporting Files";
			sourceTree = "<group>";
		};
		BDD1FB121B174B9B002B9C12 /* MasonryTestTests */ = {
			isa = PBXGroup;
			children = (
				BDD1FB151B174B9B002B9C12 /* MasonryTestTests.m */,
				BDD1FB131B174B9B002B9C12 /* Supporting Files */,
			);
			path = MasonryTestTests;
			sourceTree = "<group>";
		};
		BDD1FB131B174B9B002B9C12 /* Supporting Files */ = {
			isa = PBXGroup;
			children = (
				BDD1FB141B174B9B002B9C12 /* Info.plist */,
			);
			name = "Supporting Files";
			sourceTree = "<group>";
		};
		BDE4D7521B465E5F005C8A25 /* Cell */ = {
			isa = PBXGroup;
			children = (
				BDE4D7531B465E83005C8A25 /* ComplexCell.h */,
				BDE4D7541B465E83005C8A25 /* ComplexCell.m */,
			);
			name = Cell;
			sourceTree = "<group>";
		};
		ED4931B28A8D4A78238085F2 /* Frameworks */ = {
			isa = PBXGroup;
			children = (
				A33169A2F3BB022393DA2B71 /* libPods.a */,
			);
			name = Frameworks;
			sourceTree = "<group>";
		};
/* End PBXGroup section */

/* Begin PBXNativeTarget section */
		BDD1FAF51B174B9B002B9C12 /* MasonryTest */ = {
			isa = PBXNativeTarget;
			buildConfigurationList = BDD1FB191B174B9B002B9C12 /* Build configuration list for PBXNativeTarget "MasonryTest" */;
			buildPhases = (
				5B10431ED0E1281563E1795F /* Check Pods Manifest.lock */,
				BDD1FAF21B174B9B002B9C12 /* Sources */,
				BDD1FAF31B174B9B002B9C12 /* Frameworks */,
				BDD1FAF41B174B9B002B9C12 /* Resources */,
				D0271E995CF284C3176F0559 /* Copy Pods Resources */,
			);
			buildRules = (
			);
			dependencies = (
			);
			name = MasonryTest;
			productName = MasonryTest;
			productReference = BDD1FAF61B174B9B002B9C12 /* MasonryTest.app */;
			productType = "com.apple.product-type.application";
		};
		BDD1FB0E1B174B9B002B9C12 /* MasonryTestTests */ = {
			isa = PBXNativeTarget;
			buildConfigurationList = BDD1FB1C1B174B9B002B9C12 /* Build configuration list for PBXNativeTarget "MasonryTestTests" */;
			buildPhases = (
				BDD1FB0B1B174B9B002B9C12 /* Sources */,
				BDD1FB0C1B174B9B002B9C12 /* Frameworks */,
				BDD1FB0D1B174B9B002B9C12 /* Resources */,
			);
			buildRules = (
			);
			dependencies = (
				BDD1FB111B174B9B002B9C12 /* PBXTargetDependency */,
			);
			name = MasonryTestTests;
			productName = MasonryTestTests;
			productReference = BDD1FB0F1B174B9B002B9C12 /* MasonryTestTests.xctest */;
			productType = "com.apple.product-type.bundle.unit-test";
		};
/* End PBXNativeTarget section */

/* Begin PBXProject section */
		BDD1FAEE1B174B9B002B9C12 /* Project object */ = {
			isa = PBXProject;
			attributes = {
				LastUpgradeCheck = 0610;
				ORGANIZATIONNAME = "佟铁铮";
				TargetAttributes = {
					BDD1FAF51B174B9B002B9C12 = {
						CreatedOnToolsVersion = 6.1.1;
					};
					BDD1FB0E1B174B9B002B9C12 = {
						CreatedOnToolsVersion = 6.1.1;
						TestTargetID = BDD1FAF51B174B9B002B9C12;
					};
				};
			};
			buildConfigurationList = BDD1FAF11B174B9B002B9C12 /* Build configuration list for PBXProject "MasonryTest" */;
			compatibilityVersion = "Xcode 3.2";
			developmentRegion = English;
			hasScannedForEncodings = 0;
			knownRegions = (
				en,
				Base,
			);
			mainGroup = BDD1FAED1B174B9B002B9C12;
			productRefGroup = BDD1FAF71B174B9B002B9C12 /* Products */;
			projectDirPath = "";
			projectRoot = "";
			targets = (
				BDD1FAF51B174B9B002B9C12 /* MasonryTest */,
				BDD1FB0E1B174B9B002B9C12 /* MasonryTestTests */,
			);
		};
/* End PBXProject section */

/* Begin PBXResourcesBuildPhase section */
		BDD1FAF41B174B9B002B9C12 /* Resources */ = {
			isa = PBXResourcesBuildPhase;
			buildActionMask = 2147483647;
			files = (
				BDD1FB071B174B9B002B9C12 /* Images.xcassets in Resources */,
				BD254C291B550B45006032E1 /* data.json in Resources */,
				BDD4C6AC1B6A21CE00887B38 /* test.html in Resources */,
			);
			runOnlyForDeploymentPostprocessing = 0;
		};
		BDD1FB0D1B174B9B002B9C12 /* Resources */ = {
			isa = PBXResourcesBuildPhase;
			buildActionMask = 2147483647;
			files = (
			);
			runOnlyForDeploymentPostprocessing = 0;
		};
/* End PBXResourcesBuildPhase section */

/* Begin PBXShellScriptBuildPhase section */
		5B10431ED0E1281563E1795F /* Check Pods Manifest.lock */ = {
			isa = PBXShellScriptBuildPhase;
			buildActionMask = 2147483647;
			files = (
			);
			inputPaths = (
			);
			name = "Check Pods Manifest.lock";
			outputPaths = (
			);
			runOnlyForDeploymentPostprocessing = 0;
			shellPath = /bin/sh;
			shellScript = "diff \"${PODS_ROOT}/../Podfile.lock\" \"${PODS_ROOT}/Manifest.lock\" > /dev/null\nif [[ $? != 0 ]] ; then\n    cat << EOM\nerror: The sandbox is not in sync with the Podfile.lock. Run 'pod install' or update your CocoaPods installation.\nEOM\n    exit 1\nfi\n";
			showEnvVarsInLog = 0;
		};
		D0271E995CF284C3176F0559 /* Copy Pods Resources */ = {
			isa = PBXShellScriptBuildPhase;
			buildActionMask = 2147483647;
			files = (
			);
			inputPaths = (
			);
			name = "Copy Pods Resources";
			outputPaths = (
			);
			runOnlyForDeploymentPostprocessing = 0;
			shellPath = /bin/sh;
			shellScript = "\"${SRCROOT}/Pods/Target Support Files/Pods/Pods-resources.sh\"\n";
			showEnvVarsInLog = 0;
		};
/* End PBXShellScriptBuildPhase section */

/* Begin PBXSourcesBuildPhase section */
		BDD1FAF21B174B9B002B9C12 /* Sources */ = {
			isa = PBXSourcesBuildPhase;
			buildActionMask = 2147483647;
			files = (
				BD1E96271B1A04B700AAD778 /* DynamicDetailVC.m in Sources */,
				BDD4C67A1B66230500887B38 /* NewsModel.xcdatamodeld in Sources */,
				BDE4D7551B465E83005C8A25 /* ComplexCell.m in Sources */,
				BD7D67BF1B59F46100654AEC /* TZDisplayView.m in Sources */,
				BD38B1AD1B19FB1600FE8BBD /* RootTabBarController.m in Sources */,
				BD254C271B55052F006032E1 /* DynamicCell.m in Sources */,
				BD6CB61F1B6219DF00C428E8 /* TZWindow.m in Sources */,
				BDBB71AC1B19EF7D00B88225 /* MyVC.m in Sources */,
				BD52D5121B66166A001C499B /* News.m in Sources */,
				BDBB71A31B19EF0300B88225 /* ChatVC.m in Sources */,
				BDD1FB021B174B9B002B9C12 /* ViewController.m in Sources */,
				BD1E96241B19FE3F00AAD778 /* RootViewController.m in Sources */,
				BDD1FAFF1B174B9B002B9C12 /* AppDelegate.m in Sources */,
				BDD1FAFC1B174B9B002B9C12 /* main.m in Sources */,
				BD254C241B5504F7006032E1 /* RootCell.m in Sources */,
				BDBB71A01B19EEAE00B88225 /* RootNavigationViewController.m in Sources */,
				BDBB719B1B19EE6F00B88225 /* DynamicVC.m in Sources */,
				BDD4C6761B66206A00887B38 /* CoreDataManager1.m in Sources */,
				BDBB71A61B19EF3100B88225 /* RecruitVC.m in Sources */,
				BDBB71A91B19EF5900B88225 /* SquarVC.m in Sources */,
				BDBB71B01B19F0C400B88225 /* MTUtil.m in Sources */,
			);
			runOnlyForDeploymentPostprocessing = 0;
		};
		BDD1FB0B1B174B9B002B9C12 /* Sources */ = {
			isa = PBXSourcesBuildPhase;
			buildActionMask = 2147483647;
			files = (
				BDD1FB161B174B9B002B9C12 /* MasonryTestTests.m in Sources */,
			);
			runOnlyForDeploymentPostprocessing = 0;
		};
/* End PBXSourcesBuildPhase section */

/* Begin PBXTargetDependency section */
		BDD1FB111B174B9B002B9C12 /* PBXTargetDependency */ = {
			isa = PBXTargetDependency;
			target = BDD1FAF51B174B9B002B9C12 /* MasonryTest */;
			targetProxy = BDD1FB101B174B9B002B9C12 /* PBXContainerItemProxy */;
		};
/* End PBXTargetDependency section */

/* Begin XCBuildConfiguration section */
		BDD1FB171B174B9B002B9C12 /* Debug */ = {
			isa = XCBuildConfiguration;
			buildSettings = {
				ALWAYS_SEARCH_USER_PATHS = NO;
				CLANG_CXX_LANGUAGE_STANDARD = "gnu++0x";
				CLANG_CXX_LIBRARY = "libc++";
				CLANG_ENABLE_MODULES = YES;
				CLANG_ENABLE_OBJC_ARC = YES;
				CLANG_WARN_BOOL_CONVERSION = YES;
				CLANG_WARN_CONSTANT_CONVERSION = YES;
				CLANG_WARN_DIRECT_OBJC_ISA_USAGE = YES_ERROR;
				CLANG_WARN_EMPTY_BODY = YES;
				CLANG_WARN_ENUM_CONVERSION = YES;
				CLANG_WARN_INT_CONVERSION = YES;
				CLANG_WARN_OBJC_ROOT_CLASS = YES_ERROR;
				CLANG_WARN_UNREACHABLE_CODE = YES;
				CLANG_WARN__DUPLICATE_METHOD_MATCH = YES;
				"CODE_SIGN_IDENTITY[sdk=iphoneos*]" = "iPhone Developer";
				COPY_PHASE_STRIP = NO;
				ENABLE_STRICT_OBJC_MSGSEND = YES;
				GCC_C_LANGUAGE_STANDARD = gnu99;
				GCC_DYNAMIC_NO_PIC = NO;
				GCC_OPTIMIZATION_LEVEL = 0;
				GCC_PREPROCESSOR_DEFINITIONS = (
					"DEBUG=1",
					"$(inherited)",
				);
				GCC_SYMBOLS_PRIVATE_EXTERN = NO;
				GCC_WARN_64_TO_32_BIT_CONVERSION = YES;
				GCC_WARN_ABOUT_RETURN_TYPE = YES_ERROR;
				GCC_WARN_UNDECLARED_SELECTOR = YES;
				GCC_WARN_UNINITIALIZED_AUTOS = YES_AGGRESSIVE;
				GCC_WARN_UNUSED_FUNCTION = YES;
				GCC_WARN_UNUSED_VARIABLE = YES;
				IPHONEOS_DEPLOYMENT_TARGET = 8.1;
				MTL_ENABLE_DEBUG_INFO = YES;
				ONLY_ACTIVE_ARCH = YES;
				SDKROOT = iphoneos;
			};
			name = Debug;
		};
		BDD1FB181B174B9B002B9C12 /* Release */ = {
			isa = XCBuildConfiguration;
			buildSettings = {
				ALWAYS_SEARCH_USER_PATHS = NO;
				CLANG_CXX_LANGUAGE_STANDARD = "gnu++0x";
				CLANG_CXX_LIBRARY = "libc++";
				CLANG_ENABLE_MODULES = YES;
				CLANG_ENABLE_OBJC_ARC = YES;
				CLANG_WARN_BOOL_CONVERSION = YES;
				CLANG_WARN_CONSTANT_CONVERSION = YES;
				CLANG_WARN_DIRECT_OBJC_ISA_USAGE = YES_ERROR;
				CLANG_WARN_EMPTY_BODY = YES;
				CLANG_WARN_ENUM_CONVERSION = YES;
				CLANG_WARN_INT_CONVERSION = YES;
				CLANG_WARN_OBJC_ROOT_CLASS = YES_ERROR;
				CLANG_WARN_UNREACHABLE_CODE = YES;
				CLANG_WARN__DUPLICATE_METHOD_MATCH = YES;
				"CODE_SIGN_IDENTITY[sdk=iphoneos*]" = "iPhone Developer";
				COPY_PHASE_STRIP = YES;
				ENABLE_NS_ASSERTIONS = NO;
				ENABLE_STRICT_OBJC_MSGSEND = YES;
				GCC_C_LANGUAGE_STANDARD = gnu99;
				GCC_WARN_64_TO_32_BIT_CONVERSION = YES;
				GCC_WARN_ABOUT_RETURN_TYPE = YES_ERROR;
				GCC_WARN_UNDECLARED_SELECTOR = YES;
				GCC_WARN_UNINITIALIZED_AUTOS = YES_AGGRESSIVE;
				GCC_WARN_UNUSED_FUNCTION = YES;
				GCC_WARN_UNUSED_VARIABLE = YES;
				IPHONEOS_DEPLOYMENT_TARGET = 8.1;
				MTL_ENABLE_DEBUG_INFO = NO;
				SDKROOT = iphoneos;
				VALIDATE_PRODUCT = YES;
			};
			name = Release;
		};
		BDD1FB1A1B174B9B002B9C12 /* Debug */ = {
			isa = XCBuildConfiguration;
			baseConfigurationReference = 33A8F132CFE3E92A7D23B98E /* Pods.debug.xcconfig */;
			buildSettings = {
				ASSETCATALOG_COMPILER_APPICON_NAME = AppIcon;
				ASSETCATALOG_COMPILER_LAUNCHIMAGE_NAME = LaunchImage;
				GCC_PREFIX_HEADER = MasonryTest/PrefixHeader.pch;
				INFOPLIST_FILE = MasonryTest/Info.plist;
				IPHONEOS_DEPLOYMENT_TARGET = 7.0;
				LD_RUNPATH_SEARCH_PATHS = "$(inherited) @executable_path/Frameworks";
				PRODUCT_NAME = "$(TARGET_NAME)";
			};
			name = Debug;
		};
		BDD1FB1B1B174B9B002B9C12 /* Release */ = {
			isa = XCBuildConfiguration;
			baseConfigurationReference = 432FF061F83D211D1CBAD076 /* Pods.release.xcconfig */;
			buildSettings = {
				ASSETCATALOG_COMPILER_APPICON_NAME = AppIcon;
				ASSETCATALOG_COMPILER_LAUNCHIMAGE_NAME = LaunchImage;
				GCC_PREFIX_HEADER = MasonryTest/PrefixHeader.pch;
				INFOPLIST_FILE = MasonryTest/Info.plist;
				IPHONEOS_DEPLOYMENT_TARGET = 7.0;
				LD_RUNPATH_SEARCH_PATHS = "$(inherited) @executable_path/Frameworks";
				PRODUCT_NAME = "$(TARGET_NAME)";
			};
			name = Release;
		};
		BDD1FB1D1B174B9B002B9C12 /* Debug */ = {
			isa = XCBuildConfiguration;
			buildSettings = {
				BUNDLE_LOADER = "$(TEST_HOST)";
				FRAMEWORK_SEARCH_PATHS = (
					"$(SDKROOT)/Developer/Library/Frameworks",
					"$(inherited)",
				);
				GCC_PREPROCESSOR_DEFINITIONS = (
					"DEBUG=1",
					"$(inherited)",
				);
				INFOPLIST_FILE = MasonryTestTests/Info.plist;
				LD_RUNPATH_SEARCH_PATHS = "$(inherited) @executable_path/Frameworks @loader_path/Frameworks";
				PRODUCT_NAME = "$(TARGET_NAME)";
				TEST_HOST = "$(BUILT_PRODUCTS_DIR)/MasonryTest.app/MasonryTest";
			};
			name = Debug;
		};
		BDD1FB1E1B174B9B002B9C12 /* Release */ = {
			isa = XCBuildConfiguration;
			buildSettings = {
				BUNDLE_LOADER = "$(TEST_HOST)";
				FRAMEWORK_SEARCH_PATHS = (
					"$(SDKROOT)/Developer/Library/Frameworks",
					"$(inherited)",
				);
				INFOPLIST_FILE = MasonryTestTests/Info.plist;
				LD_RUNPATH_SEARCH_PATHS = "$(inherited) @executable_path/Frameworks @loader_path/Frameworks";
				PRODUCT_NAME = "$(TARGET_NAME)";
				TEST_HOST = "$(BUILT_PRODUCTS_DIR)/MasonryTest.app/MasonryTest";
			};
			name = Release;
		};
/* End XCBuildConfiguration section */

/* Begin XCConfigurationList section */
		BDD1FAF11B174B9B002B9C12 /* Build configuration list for PBXProject "MasonryTest" */ = {
			isa = XCConfigurationList;
			buildConfigurations = (
				BDD1FB171B174B9B002B9C12 /* Debug */,
				BDD1FB181B174B9B002B9C12 /* Release */,
			);
			defaultConfigurationIsVisible = 0;
			defaultConfigurationName = Release;
		};
		BDD1FB191B174B9B002B9C12 /* Build configuration list for PBXNativeTarget "MasonryTest" */ = {
			isa = XCConfigurationList;
			buildConfigurations = (
				BDD1FB1A1B174B9B002B9C12 /* Debug */,
				BDD1FB1B1B174B9B002B9C12 /* Release */,
			);
			defaultConfigurationIsVisible = 0;
			defaultConfigurationName = Release;
		};
		BDD1FB1C1B174B9B002B9C12 /* Build configuration list for PBXNativeTarget "MasonryTestTests" */ = {
			isa = XCConfigurationList;
			buildConfigurations = (
				BDD1FB1D1B174B9B002B9C12 /* Debug */,
				BDD1FB1E1B174B9B002B9C12 /* Release */,
			);
			defaultConfigurationIsVisible = 0;
			defaultConfigurationName = Release;
		};
/* End XCConfigurationList section */

/* Begin XCVersionGroup section */
		BDD4C6781B66230500887B38 /* NewsModel.xcdatamodeld */ = {
			isa = XCVersionGroup;
			children = (
				BDD4C67B1B66235300887B38 /* NewsModel1.xcdatamodel */,
				BDD4C6791B66230500887B38 /* NewsModel.xcdatamodel */,
			);
			currentVersion = BDD4C67B1B66235300887B38 /* NewsModel1.xcdatamodel */;
			name = NewsModel.xcdatamodeld;
			path = SquarVC/CoreDataManager/NewsModel.xcdatamodeld;
			sourceTree = "<group>";
			versionGroupType = wrapper.xcdatamodel;
		};
/* End XCVersionGroup section */
	};
	rootObject = BDD1FAEE1B174B9B002B9C12 /* Project object */;
}
